# THIS IS AN AUTOGENERATED FILE. DO NOT EDIT THIS FILE DIRECTLY.
# yarn lockfile v1
ansi-escapes@^1.1.0:
  version "1.4.0"
  resolved "https://registry.yarnpkg.com/ansi-escapes/-/ansi-escapes-1.4.0.tgz#d3a8a83b319aa67793662b13e761c7911422306e"

ansi-regex@^1.0.0:
  version "1.1.1"
  resolved "https://registry.yarnpkg.com/ansi-regex/-/ansi-regex-1.1.1.tgz#41c847194646375e6a1a5d10c3ca054ef9fc980d"

ansi-regex@^2.0.0:
  version "2.0.0"
  resolved "https://registry.yarnpkg.com/ansi-regex/-/ansi-regex-2.0.0.tgz#c5061b6e0ef8a81775e50f5d66151bf6bf371107"

ansi-styles@^2.2.1:
  version "2.2.1"
  resolved "https://registry.yarnpkg.com/ansi-styles/-/ansi-styles-2.2.1.tgz#b432dd3358b634cf75e1e4664368240533c1ddbe"

bluebird@^3.0.0, bluebird@^3.1.5:
  version "3.4.6"
  resolved "https://registry.yarnpkg.com/bluebird/-/bluebird-3.4.6.tgz#01da8d821d87813d158967e743d5fe6c62cf8c0f"

buffer-shims@^1.0.0:
  version "1.0.0"
  resolved "https://registry.yarnpkg.com/buffer-shims/-/buffer-shims-1.0.0.tgz#9978ce317388c649ad8793028c3477ef044a8b51"

capture-stack-trace@^1.0.0:
  version "1.0.0"
  resolved "https://registry.yarnpkg.com/capture-stack-trace/-/capture-stack-trace-1.0.0.tgz#4a6fa07399c26bba47f0b2496b4d0fb408c5550d"

chalk@^1.0.0, chalk@^1.1.1:
  version "1.1.3"
  resolved "https://registry.yarnpkg.com/chalk/-/chalk-1.1.3.tgz#a8115c55e4a702fe4d150abd3872822a7e09fc98"
  dependencies:
    ansi-styles "^2.2.1"
    escape-string-regexp "^1.0.2"
    has-ansi "^2.0.0"
    strip-ansi "^3.0.0"
    supports-color "^2.0.0"

cli-cursor@^1.0.1, cli-cursor@^1.0.2:
  version "1.0.2"
  resolved "https://registry.yarnpkg.com/cli-cursor/-/cli-cursor-1.0.2.tgz#64da3f7d56a54412e59794bd62dc35295e8f2987"
  dependencies:
    restore-cursor "^1.0.1"

cli-width@^1.0.1:
  version "1.1.1"
  resolved "https://registry.yarnpkg.com/cli-width/-/cli-width-1.1.1.tgz#a4d293ef67ebb7b88d4a4d42c0ccf00c4d1e366d"

cli-width@^2.0.0:
  version "2.1.0"
  resolved "https://registry.yarnpkg.com/cli-width/-/cli-width-2.1.0.tgz#b234ca209b29ef66fc518d9b98d5847b00edf00a"

clone@^1.0.2:
  version "1.0.2"
  resolved "https://registry.yarnpkg.com/clone/-/clone-1.0.2.tgz#260b7a99ebb1edfe247538175f783243cb19d149"

code-point-at@^1.0.0:
  version "1.1.0"
  resolved "https://registry.yarnpkg.com/code-point-at/-/code-point-at-1.1.0.tgz#0d070b4d043a5bea33a2f1a40e2edb3d9a4ccf77"

concat-stream@^1.4.7, concat-stream@^1.5.1:
  version "1.5.2"
  resolved "https://registry.yarnpkg.com/concat-stream/-/concat-stream-1.5.2.tgz#708978624d856af41a5a741defdd261da752c266"
  dependencies:
    inherits "~2.0.1"
    readable-stream "~2.0.0"
    typedarray "~0.0.5"

core-util-is@~1.0.0:
  version "1.0.2"
  resolved "https://registry.yarnpkg.com/core-util-is/-/core-util-is-1.0.2.tgz#b5fd54220aa2bc5ab57aab7140c940754503c1a7"

create-error-class@^3.0.0:
  version "3.0.2"
  resolved "https://registry.yarnpkg.com/create-error-class/-/create-error-class-3.0.2.tgz#06be7abef947a3f14a30fd610671d401bca8b7b6"
  dependencies:
    capture-stack-trace "^1.0.0"

deep-extend@~0.4.0:
  version "0.4.1"
  resolved "https://registry.yarnpkg.com/deep-extend/-/deep-extend-0.4.1.tgz#efe4113d08085f4e6f9687759810f807469e2253"

dot-file-config@^0.6.1:
  version "0.6.1"
  resolved "https://registry.yarnpkg.com/dot-file-config/-/dot-file-config-0.6.1.tgz#7a9719578c2cc2c20ca47f780088a5c1921ecbb2"
  dependencies:
    user-home "^2.0.0"

duplexer3@^0.1.4:
  version "0.1.4"
  resolved "https://registry.yarnpkg.com/duplexer3/-/duplexer3-0.1.4.tgz#ee01dd1cac0ed3cbc7fdbea37dc0a8f1ce002ce2"

duplexify@^3.2.0:
  version "3.5.0"
  resolved "https://registry.yarnpkg.com/duplexify/-/duplexify-3.5.0.tgz#1aa773002e1578457e9d9d4a50b0ccaaebcbd604"
  dependencies:
    end-of-stream "1.0.0"
    inherits "^2.0.1"
    readable-stream "^2.0.0"
    stream-shift "^1.0.0"

end-of-stream@1.0.0:
  version "1.0.0"
  resolved "https://registry.yarnpkg.com/end-of-stream/-/end-of-stream-1.0.0.tgz#d4596e702734a93e40e9af864319eabd99ff2f0e"
  dependencies:
    once "~1.3.0"

escape-string-regexp@^1.0.2, escape-string-regexp@^1.0.5:
  version "1.0.5"
  resolved "https://registry.yarnpkg.com/escape-string-regexp/-/escape-string-regexp-1.0.5.tgz#1b61c0562190a8dff6ae3bb2cf0200ca130b86d4"

exit-hook@^1.0.0:
  version "1.1.1"
  resolved "https://registry.yarnpkg.com/exit-hook/-/exit-hook-1.1.1.tgz#f05ca233b48c05d54fff07765df8507e95c02ff8"

extend@^3.0.0:
  version "3.0.0"
  resolved "https://registry.yarnpkg.com/extend/-/extend-3.0.0.tgz#5a474353b9f3353ddd8176dfd37b91c83a46f1d4"

external-editor@^1.1.0:
  version "1.1.1"
  resolved "https://registry.yarnpkg.com/external-editor/-/external-editor-1.1.1.tgz#12d7b0db850f7ff7e7081baf4005700060c4600b"
  dependencies:
    extend "^3.0.0"
    spawn-sync "^1.0.15"
    tmp "^0.0.29"

figures@^1.3.5, figures@^1.4.0:
  version "1.7.0"
  resolved "https://registry.yarnpkg.com/figures/-/figures-1.7.0.tgz#cbe1e3affcf1cd44b80cadfed28dc793a9701d2e"
  dependencies:
    escape-string-regexp "^1.0.5"
    object-assign "^4.1.0"

get-stream@^2.3.0:
  version "2.3.1"
  resolved "https://registry.yarnpkg.com/get-stream/-/get-stream-2.3.1.tgz#5f38f93f346009666ee0150a054167f91bdd95de"
  dependencies:
    object-assign "^4.0.1"
    pinkie-promise "^2.0.0"

gh-got@^1.0.3:
  version "1.1.0"
  resolved "https://registry.yarnpkg.com/gh-got/-/gh-got-1.1.0.tgz#51e207af19113e5063337237ceb33284699a4b3b"
  dependencies:
    got "^3.2.0"
    object-assign "^2.0.0"

got@^3.2.0:
  version "3.3.1"
  resolved "https://registry.yarnpkg.com/got/-/got-3.3.1.tgz#e5d0ed4af55fc3eef4d56007769d98192bcb2eca"
  dependencies:
    duplexify "^3.2.0"
    infinity-agent "^2.0.0"
    is-redirect "^1.0.0"
    is-stream "^1.0.0"
    lowercase-keys "^1.0.0"
    nested-error-stacks "^1.0.0"
    object-assign "^3.0.0"
    prepend-http "^1.0.0"
    read-all-stream "^3.0.0"
    timed-out "^2.0.0"

got@^6.3.0:
  version "6.6.1"
  resolved "https://registry.yarnpkg.com/got/-/got-6.6.1.tgz#542d7a0e34676060e561b1b90d103876eefabed2"
  dependencies:
    create-error-class "^3.0.0"
    duplexer3 "^0.1.4"
    get-stream "^2.3.0"
    is-redirect "^1.0.0"
    is-retry-allowed "^1.0.0"
    is-stream "^1.0.0"
    lowercase-keys "^1.0.0"
    node-status-codes "^2.0.0"
    timed-out "^3.0.0"
    unzip-response "^2.0.1"
    url-parse-lax "^1.0.0"

has-ansi@^2.0.0:
  version "2.0.0"
  resolved "https://registry.yarnpkg.com/has-ansi/-/has-ansi-2.0.0.tgz#34f5049ce1ecdf2b0649af3ef24e45ed35416d91"
  dependencies:
    ansi-regex "^2.0.0"

infinity-agent@^2.0.0:
  version "2.0.3"
  resolved "https://registry.yarnpkg.com/infinity-agent/-/infinity-agent-2.0.3.tgz#45e0e2ff7a9eb030b27d62b74b3744b7a7ac4216"

inherits@^2.0.1, inherits@~2.0.1:
  version "2.0.3"
  resolved "https://registry.yarnpkg.com/inherits/-/inherits-2.0.3.tgz#633c2c83e3da42a502f52466022480f4208261de"

inherits@2.0.1:
  version "2.0.1"
  resolved "https://registry.yarnpkg.com/inherits/-/inherits-2.0.1.tgz#b17d08d326b4423e568eff719f91b0b1cbdf69f1"

ini@~1.3.0:
  version "1.3.4"
  resolved "https://registry.yarnpkg.com/ini/-/ini-1.3.4.tgz#0537cb79daf59b59a1a517dff706c86ec039162e"

inquirer-bluebird@^1.0.1, inquirer-bluebird@^1.0.2:
  version "1.0.7"
  resolved "https://registry.yarnpkg.com/inquirer-bluebird/-/inquirer-bluebird-1.0.7.tgz#1cc90be6f6101443613ae5a63c1726c2ac1fbc1c"
  dependencies:
    bluebird "^3.1.5"
    inquirer "^0.11.4"

inquirer-credentials@^3.0.0:
  version "3.0.0"
  resolved "https://registry.yarnpkg.com/inquirer-credentials/-/inquirer-credentials-3.0.0.tgz#89f8be6ec0a32bcd40bb48279dc4ea2cd901d1ce"
  dependencies:
    bluebird "^3.0.0"
    dot-file-config "^0.6.1"
    inquirer-bluebird "^1.0.1"

inquirer-directory@^2.0.0:
  version "2.0.0"
  resolved "https://registry.yarnpkg.com/inquirer-directory/-/inquirer-directory-2.0.0.tgz#c63409c3bde9ee5802effa6ffadb2b538f611cd3"
  dependencies:
    chalk "^1.1.1"
    cli-cursor "^1.0.2"
    figures "^1.4.0"
    inquirer "^0.11.0"
    lodash "^3.10.1"
    rx-lite "^4.0.8"
    util "^0.10.3"

inquirer-folder-explorer:
  version "1.0.5"
  resolved "https://registry.yarnpkg.com/inquirer-folder-explorer/-/inquirer-folder-explorer-1.0.5.tgz#19304aba01a903bbef592c2f0b52d75a9cc4266b"
  dependencies:
    inquirer "^0.9.0"

inquirer-list-input@^0.1.2:
  version "0.1.2"
  resolved "https://registry.yarnpkg.com/inquirer-list-input/-/inquirer-list-input-0.1.2.tgz#adc5f82e880eb274f9fcf12a9fc506f17264f0dc"
  dependencies:
    chalk "^1.1.1"
    cli-cursor "^1.0.2"
    figures "^1.4.0"
    inquirer "^0.11.0"
    lodash "^3.10.1"

inquirer-menu@^1.0.0:
  version "1.0.0"
  resolved "https://registry.yarnpkg.com/inquirer-menu/-/inquirer-menu-1.0.0.tgz#ce23d3b4968c0bff194d29602ec33df1cb81e480"
  dependencies:
    inquirer-question "^1.2.0"
    pinkie "^2.0.4"

inquirer-npm-name@^2.0.0:
  version "2.0.0"
  resolved "https://registry.yarnpkg.com/inquirer-npm-name/-/inquirer-npm-name-2.0.0.tgz#f3bc154db394469ad767ddedc2ad562517caf52b"
  dependencies:
    npm-name "^3.0.0"

inquirer-path@^1.0.0-alpha5:
  version "1.0.0-alpha5"
  resolved "https://registry.yarnpkg.com/inquirer-path/-/inquirer-path-1.0.0-alpha5.tgz#5be78f9b0b8f99d50788c15e7702843b849f5522"
  dependencies:
    inquirer "^0.11.4"

inquirer-question@^1.2.0:
  version "1.2.1"
  resolved "https://registry.yarnpkg.com/inquirer-question/-/inquirer-question-1.2.1.tgz#ec596e5316b7a933b8cfe7ce683efc55b509d33a"
  dependencies:
    clone "^1.0.2"
    inquirer-bluebird "^1.0.2"

inquirer-repo-exists@^1.0.6:
  version "1.0.6"
  resolved "https://registry.yarnpkg.com/inquirer-repo-exists/-/inquirer-repo-exists-1.0.6.tgz#142a1047465c1b2577820890aab3c8685314609a"
  dependencies:
    json "^9.0.3"
    parse-github-url "^0.3.0"
    repo-exists "^2.0.0"

inquirer-shortcuts@^1.0.1:
  version "1.0.2"
  resolved "https://registry.yarnpkg.com/inquirer-shortcuts/-/inquirer-shortcuts-1.0.2.tgz#6de829e310a555d782bd01624ddb3f6079420a50"
  dependencies:
    inquirer "^1.2.1"

inquirer-test@^1.0.5:
  version "1.0.5"
  resolved "https://registry.yarnpkg.com/inquirer-test/-/inquirer-test-1.0.5.tgz#b467c11fdc3614ea29ebc3a90e621d45b9a7e593"
  dependencies:
    concat-stream "^1.5.1"
    pinkie-promise "^2.0.0"

inquirer@^0.11.0, inquirer@^0.11.4:
  version "0.11.4"
  resolved "https://registry.yarnpkg.com/inquirer/-/inquirer-0.11.4.tgz#81e3374e8361beaff2d97016206d359d0b32fa4d"
  dependencies:
    ansi-escapes "^1.1.0"
    ansi-regex "^2.0.0"
    chalk "^1.0.0"
    cli-cursor "^1.0.1"
    cli-width "^1.0.1"
    figures "^1.3.5"
    lodash "^3.3.1"
    readline2 "^1.0.1"
    run-async "^0.1.0"
    rx-lite "^3.1.2"
    string-width "^1.0.1"
    strip-ansi "^3.0.0"
    through "^2.3.6"

inquirer@^0.9.0:
  version "0.9.0"
  resolved "https://registry.yarnpkg.com/inquirer/-/inquirer-0.9.0.tgz#7366e38a331e61904958ace5b2da4a9a5f636798"
  dependencies:
    ansi-regex "^2.0.0"
    chalk "^1.0.0"
    cli-width "^1.0.1"
    figures "^1.3.5"
    lodash "^3.3.1"
    readline2 "^0.1.1"
    run-async "^0.1.0"
    rx-lite "^2.5.2"
    strip-ansi "^3.0.0"
    through "^2.3.6"

inquirer@^1.2.1:
  version "1.2.2"
  resolved "https://registry.yarnpkg.com/inquirer/-/inquirer-1.2.2.tgz#f725c1316f0020e7f3d538c8c5ad0c2732c1c451"
  dependencies:
    ansi-escapes "^1.1.0"
    chalk "^1.0.0"
    cli-cursor "^1.0.1"
    cli-width "^2.0.0"
    external-editor "^1.1.0"
    figures "^1.3.5"
    lodash "^4.3.0"
    mute-stream "0.0.6"
    pinkie-promise "^2.0.0"
    run-async "^2.2.0"
    rx "^4.1.0"
    string-width "^1.0.1"
    strip-ansi "^3.0.0"
    through "^2.3.6"

inquiry-traverser@^0.4.0:
  version "0.4.0"
  resolved "https://registry.yarnpkg.com/inquiry-traverser/-/inquiry-traverser-0.4.0.tgz#8b888017a78f3746b43b2038b166a8910c8bfba3"

is-fullwidth-code-point@^1.0.0:
  version "1.0.0"
  resolved "https://registry.yarnpkg.com/is-fullwidth-code-point/-/is-fullwidth-code-point-1.0.0.tgz#ef9e31386f031a7f0d643af82fde50c457ef00cb"
  dependencies:
    number-is-nan "^1.0.0"

is-promise@^2.1.0:
  version "2.1.0"
  resolved "https://registry.yarnpkg.com/is-promise/-/is-promise-2.1.0.tgz#79a2a9ece7f096e80f36d2b2f3bc16c1ff4bf3fa"

is-redirect@^1.0.0:
  version "1.0.0"
  resolved "https://registry.yarnpkg.com/is-redirect/-/is-redirect-1.0.0.tgz#1d03dded53bd8db0f30c26e4f95d36fc7c87dc24"

is-retry-allowed@^1.0.0:
  version "1.1.0"
  resolved "https://registry.yarnpkg.com/is-retry-allowed/-/is-retry-allowed-1.1.0.tgz#11a060568b67339444033d0125a61a20d564fb34"

is-stream@^1.0.0:
  version "1.1.0"
  resolved "https://registry.yarnpkg.com/is-stream/-/is-stream-1.1.0.tgz#12d4a3dd4e68e0b79ceb8dbc84173ae80d91ca44"

isarray@~1.0.0:
  version "1.0.0"
  resolved "https://registry.yarnpkg.com/isarray/-/isarray-1.0.0.tgz#bb935d48582cba168c06834957a54a3e07124f11"

json@^9.0.3:
  version "9.0.4"
  resolved "https://registry.yarnpkg.com/json/-/json-9.0.4.tgz#d0dbf2404c128572a935ecafadfc782ec81112ce"

lodash.zip@^4.0.0:
  version "4.2.0"
  resolved "https://registry.yarnpkg.com/lodash.zip/-/lodash.zip-4.2.0.tgz#ec6662e4896408ed4ab6c542a3990b72cc080020"

lodash@^3.10.1, lodash@^3.3.1:
  version "3.10.1"
  resolved "https://registry.yarnpkg.com/lodash/-/lodash-3.10.1.tgz#5bf45e8e49ba4189e17d482789dfd15bd140b7b6"

lodash@^4.16.4, lodash@^4.3.0:
  version "4.16.6"
  resolved "https://registry.yarnpkg.com/lodash/-/lodash-4.16.6.tgz#d22c9ac660288f3843e16ba7d2b5d06cca27d777"

lowercase-keys@^1.0.0:
  version "1.0.0"
  resolved "https://registry.yarnpkg.com/lowercase-keys/-/lowercase-keys-1.0.0.tgz#4e3366b39e7f5457e35f1324bdf6f88d0bfc7306"

minimist@^1.2.0:
  version "1.2.0"
  resolved "https://registry.yarnpkg.com/minimist/-/minimist-1.2.0.tgz#a35008b20f41383eec1fb914f4cd5df79a264284"

mute-stream@0.0.4:
  version "0.0.4"
  resolved "https://registry.yarnpkg.com/mute-stream/-/mute-stream-0.0.4.tgz#a9219960a6d5d5d046597aee51252c6655f7177e"

mute-stream@0.0.5:
  version "0.0.5"
  resolved "https://registry.yarnpkg.com/mute-stream/-/mute-stream-0.0.5.tgz#8fbfabb0a98a253d3184331f9e8deb7372fac6c0"

mute-stream@0.0.6:
  version "0.0.6"
  resolved "https://registry.yarnpkg.com/mute-stream/-/mute-stream-0.0.6.tgz#48962b19e169fd1dfc240b3f1e7317627bbc47db"

nested-error-stacks@^1.0.0:
  version "1.0.2"
  resolved "https://registry.yarnpkg.com/nested-error-stacks/-/nested-error-stacks-1.0.2.tgz#19f619591519f096769a5ba9a86e6eeec823c3cf"
  dependencies:
    inherits "~2.0.1"

node-status-codes@^2.0.0:
  version "2.0.1"
  resolved "https://registry.yarnpkg.com/node-status-codes/-/node-status-codes-2.0.1.tgz#298067659cb68a2b4670abbefde02a3819981f5b"

npm-name@^3.0.0:
  version "3.0.0"
  resolved "https://registry.yarnpkg.com/npm-name/-/npm-name-3.0.0.tgz#f72e4047993a0bf932a7d8db780babff77ba723f"
  dependencies:
    got "^6.3.0"
    lodash.zip "^4.0.0"
    registry-url "^3.0.0"

number-is-nan@^1.0.0:
  version "1.0.1"
  resolved "https://registry.yarnpkg.com/number-is-nan/-/number-is-nan-1.0.1.tgz#097b602b53422a522c1afb8790318336941a011d"

object-assign@^2.0.0:
  version "2.1.1"
  resolved "https://registry.yarnpkg.com/object-assign/-/object-assign-2.1.1.tgz#43c36e5d569ff8e4816c4efa8be02d26967c18aa"

object-assign@^3.0.0:
  version "3.0.0"
  resolved "https://registry.yarnpkg.com/object-assign/-/object-assign-3.0.0.tgz#9bedd5ca0897949bca47e7ff408062d549f587f2"

object-assign@^4.0.1, object-assign@^4.1.0:
  version "4.1.0"
  resolved "https://registry.yarnpkg.com/object-assign/-/object-assign-4.1.0.tgz#7a3b3d0e98063d43f4c03f2e8ae6cd51a86883a0"

once@^1.3.0:
  version "1.4.0"
  resolved "https://registry.yarnpkg.com/once/-/once-1.4.0.tgz#583b1aa775961d4b113ac17d9c50baef9dd76bd1"
  dependencies:
    wrappy "1"

once@~1.3.0:
  version "1.3.3"
  resolved "https://registry.yarnpkg.com/once/-/once-1.3.3.tgz#b2e261557ce4c314ec8304f3fa82663e4297ca20"
  dependencies:
    wrappy "1"

onetime@^1.0.0:
  version "1.1.0"
  resolved "https://registry.yarnpkg.com/onetime/-/onetime-1.1.0.tgz#a1f7838f8314c516f05ecefcbc4ccfe04b4ed789"

os-homedir@^1.0.0:
  version "1.0.2"
  resolved "https://registry.yarnpkg.com/os-homedir/-/os-homedir-1.0.2.tgz#ffbc4988336e0e833de0c168c7ef152121aa7fb3"

os-shim@^0.1.2:
  version "0.1.3"
  resolved "https://registry.yarnpkg.com/os-shim/-/os-shim-0.1.3.tgz#6b62c3791cf7909ea35ed46e17658bb417cb3917"

os-tmpdir@~1.0.1:
  version "1.0.2"
  resolved "https://registry.yarnpkg.com/os-tmpdir/-/os-tmpdir-1.0.2.tgz#bbe67406c79aa85c5cfec766fe5734555dfa1274"

parse-github-url@^0.3.0:
  version "0.3.2"
  resolved "https://registry.yarnpkg.com/parse-github-url/-/parse-github-url-0.3.2.tgz#76ef01ebfe0b1e9c0f493672952cc6a4cd9cb260"

pinkie-promise@^2.0.0:
  version "2.0.1"
  resolved "https://registry.yarnpkg.com/pinkie-promise/-/pinkie-promise-2.0.1.tgz#2135d6dfa7a358c069ac9b178776288228450ffa"
  dependencies:
    pinkie "^2.0.0"

pinkie@^2.0.0, pinkie@^2.0.4:
  version "2.0.4"
  resolved "https://registry.yarnpkg.com/pinkie/-/pinkie-2.0.4.tgz#72556b80cfa0d48a974e80e77248e80ed4f7f870"

prepend-http@^1.0.0, prepend-http@^1.0.1:
  version "1.0.4"
  resolved "https://registry.yarnpkg.com/prepend-http/-/prepend-http-1.0.4.tgz#d4f4562b0ce3696e41ac52d0e002e57a635dc6dc"

process-nextick-args@~1.0.6:
  version "1.0.7"
  resolved "https://registry.yarnpkg.com/process-nextick-args/-/process-nextick-args-1.0.7.tgz#150e20b756590ad3f91093f25a4f2ad8bff30ba3"

rc@^1.0.1:
  version "1.1.6"
  resolved "https://registry.yarnpkg.com/rc/-/rc-1.1.6.tgz#43651b76b6ae53b5c802f1151fa3fc3b059969c9"
  dependencies:
    deep-extend "~0.4.0"
    ini "~1.3.0"
    minimist "^1.2.0"
    strip-json-comments "~1.0.4"

read-all-stream@^3.0.0:
  version "3.1.0"
  resolved "https://registry.yarnpkg.com/read-all-stream/-/read-all-stream-3.1.0.tgz#35c3e177f2078ef789ee4bfafa4373074eaef4fa"
  dependencies:
    pinkie-promise "^2.0.0"
    readable-stream "^2.0.0"

readable-stream@^2.0.0:
  version "2.1.5"
  resolved "https://registry.yarnpkg.com/readable-stream/-/readable-stream-2.1.5.tgz#66fa8b720e1438b364681f2ad1a63c618448c9d0"
  dependencies:
    buffer-shims "^1.0.0"
    core-util-is "~1.0.0"
    inherits "~2.0.1"
    isarray "~1.0.0"
    process-nextick-args "~1.0.6"
    string_decoder "~0.10.x"
    util-deprecate "~1.0.1"

readable-stream@~2.0.0:
  version "2.0.6"
  resolved "https://registry.yarnpkg.com/readable-stream/-/readable-stream-2.0.6.tgz#8f90341e68a53ccc928788dacfcd11b36eb9b78e"
  dependencies:
    core-util-is "~1.0.0"
    inherits "~2.0.1"
    isarray "~1.0.0"
    process-nextick-args "~1.0.6"
    string_decoder "~0.10.x"
    util-deprecate "~1.0.1"

readline2@^0.1.1:
  version "0.1.1"
  resolved "https://registry.yarnpkg.com/readline2/-/readline2-0.1.1.tgz#99443ba6e83b830ef3051bfd7dc241a82728d568"
  dependencies:
    mute-stream "0.0.4"
    strip-ansi "^2.0.1"

readline2@^1.0.1:
  version "1.0.1"
  resolved "https://registry.yarnpkg.com/readline2/-/readline2-1.0.1.tgz#41059608ffc154757b715d9989d199ffbf372e35"
  dependencies:
    code-point-at "^1.0.0"
    is-fullwidth-code-point "^1.0.0"
    mute-stream "0.0.5"

registry-url@^3.0.0:
  version "3.1.0"
  resolved "https://registry.yarnpkg.com/registry-url/-/registry-url-3.1.0.tgz#3d4ef870f73dde1d77f0cf9a381432444e174942"
  dependencies:
    rc "^1.0.1"

repo-exists@^2.0.0:
  version "2.0.0"
  resolved "https://registry.yarnpkg.com/repo-exists/-/repo-exists-2.0.0.tgz#ef4566066348c447aa2baa7f153748bbd75ca585"
  dependencies:
    gh-got "^1.0.3"

restore-cursor@^1.0.1:
  version "1.0.1"
  resolved "https://registry.yarnpkg.com/restore-cursor/-/restore-cursor-1.0.1.tgz#34661f46886327fed2991479152252df92daa541"
  dependencies:
    exit-hook "^1.0.0"
    onetime "^1.0.0"

run-async@^0.1.0:
  version "0.1.0"
  resolved "https://registry.yarnpkg.com/run-async/-/run-async-0.1.0.tgz#c8ad4a5e110661e402a7d21b530e009f25f8e389"
  dependencies:
    once "^1.3.0"

run-async@^2.2.0:
  version "2.2.0"
  resolved "https://registry.yarnpkg.com/run-async/-/run-async-2.2.0.tgz#8783abd83c7bb86f41ee0602fc82404b3bd6e8b9"
  dependencies:
    is-promise "^2.1.0"
    pinkie-promise "^2.0.0"

rx-lite@^2.5.2:
  version "2.5.2"
  resolved "https://registry.yarnpkg.com/rx-lite/-/rx-lite-2.5.2.tgz#5fef42d4d6e76bab5199d2171327db709e58e634"

rx-lite@^3.1.2:
  version "3.1.2"
  resolved "https://registry.yarnpkg.com/rx-lite/-/rx-lite-3.1.2.tgz#19ce502ca572665f3b647b10939f97fd1615f102"

rx-lite@^4.0.8:
  version "4.0.8"
  resolved "https://registry.yarnpkg.com/rx-lite/-/rx-lite-4.0.8.tgz#0b1e11af8bc44836f04a6407e92da42467b79444"

rx@^4.1.0:
  version "4.1.0"
  resolved "https://registry.yarnpkg.com/rx/-/rx-4.1.0.tgz#a5f13ff79ef3b740fe30aa803fb09f98805d4782"

spawn-sync@^1.0.15:
  version "1.0.15"
  resolved "https://registry.yarnpkg.com/spawn-sync/-/spawn-sync-1.0.15.tgz#b00799557eb7fb0c8376c29d44e8a1ea67e57476"
  dependencies:
    concat-stream "^1.4.7"
    os-shim "^0.1.2"

stream-shift@^1.0.0:
  version "1.0.0"
  resolved "https://registry.yarnpkg.com/stream-shift/-/stream-shift-1.0.0.tgz#d5c752825e5367e786f78e18e445ea223a155952"

string_decoder@~0.10.x:
  version "0.10.31"
  resolved "https://registry.yarnpkg.com/string_decoder/-/string_decoder-0.10.31.tgz#62e203bc41766c6c28c9fc84301dab1c5310fa94"

string-width@^1.0.1:
  version "1.0.2"
  resolved "https://registry.yarnpkg.com/string-width/-/string-width-1.0.2.tgz#118bdf5b8cdc51a2a7e70d211e07e2b0b9b107d3"
  dependencies:
    code-point-at "^1.0.0"
    is-fullwidth-code-point "^1.0.0"
    strip-ansi "^3.0.0"

strip-ansi@^2.0.1:
  version "2.0.1"
  resolved "https://registry.yarnpkg.com/strip-ansi/-/strip-ansi-2.0.1.tgz#df62c1aa94ed2f114e1d0f21fd1d50482b79a60e"
  dependencies:
    ansi-regex "^1.0.0"

strip-ansi@^3.0.0:
  version "3.0.1"
  resolved "https://registry.yarnpkg.com/strip-ansi/-/strip-ansi-3.0.1.tgz#6a385fb8853d952d5ff05d0e8aaf94278dc63dcf"
  dependencies:
    ansi-regex "^2.0.0"

strip-json-comments@~1.0.4:
  version "1.0.4"
  resolved "https://registry.yarnpkg.com/strip-json-comments/-/strip-json-comments-1.0.4.tgz#1e15fbcac97d3ee99bf2d73b4c656b082bbafb91"

supports-color@^2.0.0:
  version "2.0.0"
  resolved "https://registry.yarnpkg.com/supports-color/-/supports-color-2.0.0.tgz#535d045ce6b6363fa40117084629995e9df324c7"

through@^2.3.6:
  version "2.3.8"
  resolved "https://registry.yarnpkg.com/through/-/through-2.3.8.tgz#0dd4c9ffaabc357960b1b724115d7e0e86a2e1f5"

timed-out@^2.0.0:
  version "2.0.0"
  resolved "https://registry.yarnpkg.com/timed-out/-/timed-out-2.0.0.tgz#f38b0ae81d3747d628001f41dafc652ace671c0a"

timed-out@^3.0.0:
  version "3.0.0"
  resolved "https://registry.yarnpkg.com/timed-out/-/timed-out-3.0.0.tgz#ff88de96030ce960eabd42487db61d3add229273"

tmp@^0.0.29:
  version "0.0.29"
  resolved "https://registry.yarnpkg.com/tmp/-/tmp-0.0.29.tgz#f25125ff0dd9da3ccb0c2dd371ee1288bb9128c0"
  dependencies:
    os-tmpdir "~1.0.1"

typedarray@~0.0.5:
  version "0.0.6"
  resolved "https://registry.yarnpkg.com/typedarray/-/typedarray-0.0.6.tgz#867ac74e3864187b1d3d47d996a78ec5c8830777"

unzip-response@^2.0.1:
  version "2.0.1"
  resolved "https://registry.yarnpkg.com/unzip-response/-/unzip-response-2.0.1.tgz#d2f0f737d16b0615e72a6935ed04214572d56f97"

url-parse-lax@^1.0.0:
  version "1.0.0"
  resolved "https://registry.yarnpkg.com/url-parse-lax/-/url-parse-lax-1.0.0.tgz#7af8f303645e9bd79a272e7a14ac68bc0609da73"
  dependencies:
    prepend-http "^1.0.1"

user-home@^2.0.0:
  version "2.0.0"
  resolved "https://registry.yarnpkg.com/user-home/-/user-home-2.0.0.tgz#9c70bfd8169bc1dcbf48604e0f04b8b49cde9e9f"
  dependencies:
    os-homedir "^1.0.0"

util-deprecate@~1.0.1:
  version "1.0.2"
  resolved "https://registry.yarnpkg.com/util-deprecate/-/util-deprecate-1.0.2.tgz#450d4dc9fa70de732762fbd2d4a28981419a0ccf"

util@^0.10.3:
  version "0.10.3"
  resolved "https://registry.yarnpkg.com/util/-/util-0.10.3.tgz#7afb1afe50805246489e3db7fe0ed379336ac0f9"
  dependencies:
    inherits "2.0.1"

wrappy@1:
  version "1.0.2"
  resolved "https://registry.yarnpkg.com/wrappy/-/wrappy-1.0.2.tgz#b5243d8f3ec1aa35f1364605bc0d1036e30ab69f"

